
Microsoft Visual Studio Solution File, Format Version 12.00
# Visual Studio 14
VisualStudioVersion = 14.0.23107.0
MinimumVisualStudioVersion = 10.0.40219.1
Project("{F2A71F9B-5D33-465A-A702-920D77279786}") = "Playground", "Playground\Playground.fsproj", "{9D916EB9-A0DA-4001-9F12-4282950448BB}"
EndProject
Project("{F2A71F9B-5D33-465A-A702-920D77279786}") = "Client", "Client\Client.fsproj", "{BB4879E6-F1F3-467B-B924-BDC60AED591A}"
EndProject
Project("{F2A71F9B-5D33-465A-A702-920D77279786}") = "Server", "Server\Server.fsproj", "{B8C94F08-FDE7-4A97-A6A8-EEFC997B6398}"
EndProject
Project("{F2A71F9B-5D33-465A-A702-920D77279786}") = "KeyGenerator", "KeyGenerator\KeyGenerator.fsproj", "{992849DA-1BBD-4A6C-9D79-725D60DF685D}"
EndProject
Global
	GlobalSection(SolutionConfigurationPlatforms) = preSolution
		Debug|Any CPU = Debug|Any CPU
		Release|Any CPU = Release|Any CPU
	EndGlobalSection
	GlobalSection(ProjectConfigurationPlatforms) = postSolution
		{9D916EB9-A0DA-4001-9F12-4282950448BB}.Debug|Any CPU.ActiveCfg = Debug|Any CPU
		{9D916EB9-A0DA-4001-9F12-4282950448BB}.Debug|Any CPU.Build.0 = Debug|Any CPU
		{9D916EB9-A0DA-4001-9F12-4282950448BB}.Release|Any CPU.ActiveCfg = Release|Any CPU
		{9D916EB9-A0DA-4001-9F12-4282950448BB}.Release|Any CPU.Build.0 = Release|Any CPU
		{BB4879E6-F1F3-467B-B924-BDC60AED591A}.Debug|Any CPU.ActiveCfg = Debug|Any CPU
		{BB4879E6-F1F3-467B-B924-BDC60AED591A}.Debug|Any CPU.Build.0 = Debug|Any CPU
		{BB4879E6-F1F3-467B-B924-BDC60AED591A}.Release|Any CPU.ActiveCfg = Release|Any CPU
		{BB4879E6-F1F3-467B-B924-BDC60AED591A}.Release|Any CPU.Build.0 = Release|Any CPU
		{B8C94F08-FDE7-4A97-A6A8-EEFC997B6398}.Debug|Any CPU.ActiveCfg = Debug|Any CPU
		{B8C94F08-FDE7-4A97-A6A8-EEFC997B6398}.Debug|Any CPU.Build.0 = Debug|Any CPU
		{B8C94F08-FDE7-4A97-A6A8-EEFC997B6398}.Release|Any CPU.ActiveCfg = Release|Any CPU
		{B8C94F08-FDE7-4A97-A6A8-EEFC997B6398}.Release|Any CPU.Build.0 = Release|Any CPU
		{992849DA-1BBD-4A6C-9D79-725D60DF685D}.Debug|Any CPU.ActiveCfg = Debug|Any CPU
		{992849DA-1BBD-4A6C-9D79-725D60DF685D}.Debug|Any CPU.Build.0 = Debug|Any CPU
		{992849DA-1BBD-4A6C-9D79-725D60DF685D}.Release|Any CPU.ActiveCfg = Release|Any CPU
		{992849DA-1BBD-4A6C-9D79-725D60DF685D}.Release|Any CPU.Build.0 = Release|Any CPU
	EndGlobalSection
	GlobalSection(SolutionProperties) = preSolution
		HideSolutionNode = FALSE
	EndGlobalSection
EndGlobal
